
Microsoft Visual Studio Solution File, Format Version 12.00
# Visual Studio 2012
Project("{FAE04EC0-301F-11D3-BF4B-00C04F79EFBC}") = "iLostMouse-Windows", "iLostMouse-Windows\iLostMouse-Windows.csproj", "{89E11A8A-C91A-4B60-AEA2-2E498207F6A9}"
EndProject
Global
	GlobalSection(SolutionConfigurationPlatforms) = preSolution
		CD_ROM|Any CPU = CD_ROM|Any CPU
		Debug|Any CPU = Debug|Any CPU
		DVD-5|Any CPU = DVD-5|Any CPU
		Release|Any CPU = Release|Any CPU
		SingleImage|Any CPU = SingleImage|Any CPU
	EndGlobalSection
	GlobalSection(ProjectConfigurationPlatforms) = postSolution
		{89E11A8A-C91A-4B60-AEA2-2E498207F6A9}.CD_ROM|Any CPU.ActiveCfg = Release|Any CPU
		{89E11A8A-C91A-4B60-AEA2-2E498207F6A9}.CD_ROM|Any CPU.Build.0 = Release|Any CPU
		{89E11A8A-C91A-4B60-AEA2-2E498207F6A9}.Debug|Any CPU.ActiveCfg = Debug|Any CPU
		{89E11A8A-C91A-4B60-AEA2-2E498207F6A9}.Debug|Any CPU.Build.0 = Debug|Any CPU
		{89E11A8A-C91A-4B60-AEA2-2E498207F6A9}.DVD-5|Any CPU.ActiveCfg = Debug|Any CPU
		{89E11A8A-C91A-4B60-AEA2-2E498207F6A9}.DVD-5|Any CPU.Build.0 = Debug|Any CPU
		{89E11A8A-C91A-4B60-AEA2-2E498207F6A9}.Release|Any CPU.ActiveCfg = Release|Any CPU
		{89E11A8A-C91A-4B60-AEA2-2E498207F6A9}.Release|Any CPU.Build.0 = Release|Any CPU
		{89E11A8A-C91A-4B60-AEA2-2E498207F6A9}.SingleImage|Any CPU.ActiveCfg = Release|Any CPU
		{89E11A8A-C91A-4B60-AEA2-2E498207F6A9}.SingleImage|Any CPU.Build.0 = Release|Any CPU
	EndGlobalSection
	GlobalSection(SolutionProperties) = preSolution
		HideSolutionNode = FALSE
	EndGlobalSection
EndGlobal
